
Microsoft Visual Studio Solution File, Format Version 12.00
# Visual Studio 15
VisualStudioVersion = 15.0.26730.16
MinimumVisualStudioVersion = 10.0.40219.1
Project("{FAE04EC0-301F-11D3-BF4B-00C04F79EFBC}") = "B4.PE4.BryonB.Android", "B4.PE4.BryonB\B4.PE4.BryonB.Android\B4.PE4.BryonB.Android.csproj", "{163B2A8A-6E4A-4653-9487-FA69F9AA203E}"
EndProject
Project("{FAE04EC0-301F-11D3-BF4B-00C04F79EFBC}") = "B4.PE4.BryonB", "B4.PE4.BryonB\B4.PE4.BryonB\B4.PE4.BryonB.csproj", "{AD63CB2F-0973-4078-AA88-10067A41701D}"
EndProject
Project("{FAE04EC0-301F-11D3-BF4B-00C04F79EFBC}") = "B4.PE4.BryonB.UWP", "B4.PE4.BryonB\B4.PE4.BryonB.UWP\B4.PE4.BryonB.UWP.csproj", "{23BA573B-5250-4359-B7C4-01A15CB54871}"
EndProject
Project("{FAE04EC0-301F-11D3-BF4B-00C04F79EFBC}") = "B4.PE4.BryonB.iOS", "B4.PE4.BryonB\B4.PE4.BryonB.iOS\B4.PE4.BryonB.iOS.csproj", "{063C2370-EE8F-4EA3-9C8C-5E677BC05720}"
EndProject
Global
	GlobalSection(SolutionConfigurationPlatforms) = preSolution
		Ad-Hoc|Any CPU = Ad-Hoc|Any CPU
		Ad-Hoc|ARM = Ad-Hoc|ARM
		Ad-Hoc|iPhone = Ad-Hoc|iPhone
		Ad-Hoc|iPhoneSimulator = Ad-Hoc|iPhoneSimulator
		Ad-Hoc|x64 = Ad-Hoc|x64
		Ad-Hoc|x86 = Ad-Hoc|x86
		AppStore|Any CPU = AppStore|Any CPU
		AppStore|ARM = AppStore|ARM
		AppStore|iPhone = AppStore|iPhone
		AppStore|iPhoneSimulator = AppStore|iPhoneSimulator
		AppStore|x64 = AppStore|x64
		AppStore|x86 = AppStore|x86
		Debug|Any CPU = Debug|Any CPU
		Debug|ARM = Debug|ARM
		Debug|iPhone = Debug|iPhone
		Debug|iPhoneSimulator = Debug|iPhoneSimulator
		Debug|x64 = Debug|x64
		Debug|x86 = Debug|x86
		Release|Any CPU = Release|Any CPU
		Release|ARM = Release|ARM
		Release|iPhone = Release|iPhone
		Release|iPhoneSimulator = Release|iPhoneSimulator
		Release|x64 = Release|x64
		Release|x86 = Release|x86
	EndGlobalSection
	GlobalSection(ProjectConfigurationPlatforms) = postSolution
		{163B2A8A-6E4A-4653-9487-FA69F9AA203E}.Ad-Hoc|Any CPU.ActiveCfg = Release|Any CPU
		{163B2A8A-6E4A-4653-9487-FA69F9AA203E}.Ad-Hoc|Any CPU.Build.0 = Release|Any CPU
		{163B2A8A-6E4A-4653-9487-FA69F9AA203E}.Ad-Hoc|Any CPU.Deploy.0 = Release|Any CPU
		{163B2A8A-6E4A-4653-9487-FA69F9AA203E}.Ad-Hoc|ARM.ActiveCfg = Release|Any CPU
		{163B2A8A-6E4A-4653-9487-FA69F9AA203E}.Ad-Hoc|ARM.Build.0 = Release|Any CPU
		{163B2A8A-6E4A-4653-9487-FA69F9AA203E}.Ad-Hoc|ARM.Deploy.0 = Release|Any CPU
		{163B2A8A-6E4A-4653-9487-FA69F9AA203E}.Ad-Hoc|iPhone.ActiveCfg = Release|Any CPU
		{163B2A8A-6E4A-4653-9487-FA69F9AA203E}.Ad-Hoc|iPhone.Build.0 = Release|Any CPU
		{163B2A8A-6E4A-4653-9487-FA69F9AA203E}.Ad-Hoc|iPhone.Deploy.0 = Release|Any CPU
		{163B2A8A-6E4A-4653-9487-FA69F9AA203E}.Ad-Hoc|iPhoneSimulator.ActiveCfg = Release|Any CPU
		{163B2A8A-6E4A-4653-9487-FA69F9AA203E}.Ad-Hoc|iPhoneSimulator.Build.0 = Release|Any CPU
		{163B2A8A-6E4A-4653-9487-FA69F9AA203E}.Ad-Hoc|iPhoneSimulator.Deploy.0 = Release|Any CPU
		{163B2A8A-6E4A-4653-9487-FA69F9AA203E}.Ad-Hoc|x64.ActiveCfg = Release|Any CPU
		{163B2A8A-6E4A-4653-9487-FA69F9AA203E}.Ad-Hoc|x64.Build.0 = Release|Any CPU
		{163B2A8A-6E4A-4653-9487-FA69F9AA203E}.Ad-Hoc|x64.Deploy.0 = Release|Any CPU
		{163B2A8A-6E4A-4653-9487-FA69F9AA203E}.Ad-Hoc|x86.ActiveCfg = Release|Any CPU
		{163B2A8A-6E4A-4653-9487-FA69F9AA203E}.Ad-Hoc|x86.Build.0 = Release|Any CPU
		{163B2A8A-6E4A-4653-9487-FA69F9AA203E}.Ad-Hoc|x86.Deploy.0 = Release|Any CPU
		{163B2A8A-6E4A-4653-9487-FA69F9AA203E}.AppStore|Any CPU.ActiveCfg = Release|Any CPU
		{163B2A8A-6E4A-4653-9487-FA69F9AA203E}.AppStore|Any CPU.Build.0 = Release|Any CPU
		{163B2A8A-6E4A-4653-9487-FA69F9AA203E}.AppStore|Any CPU.Deploy.0 = Release|Any CPU
		{163B2A8A-6E4A-4653-9487-FA69F9AA203E}.AppStore|ARM.ActiveCfg = Release|Any CPU
		{163B2A8A-6E4A-4653-9487-FA69F9AA203E}.AppStore|ARM.Build.0 = Release|Any CPU
		{163B2A8A-6E4A-4653-9487-FA69F9AA203E}.AppStore|ARM.Deploy.0 = Release|Any CPU
		{163B2A8A-6E4A-4653-9487-FA69F9AA203E}.AppStore|iPhone.ActiveCfg = Release|Any CPU
		{163B2A8A-6E4A-4653-9487-FA69F9AA203E}.AppStore|iPhone.Build.0 = Release|Any CPU
		{163B2A8A-6E4A-4653-9487-FA69F9AA203E}.AppStore|iPhone.Deploy.0 = Release|Any CPU
		{163B2A8A-6E4A-4653-9487-FA69F9AA203E}.AppStore|iPhoneSimulator.ActiveCfg = Release|Any CPU
		{163B2A8A-6E4A-4653-9487-FA69F9AA203E}.AppStore|iPhoneSimulator.Build.0 = Release|Any CPU
		{163B2A8A-6E4A-4653-9487-FA69F9AA203E}.AppStore|iPhoneSimulator.Deploy.0 = Release|Any CPU
		{163B2A8A-6E4A-4653-9487-FA69F9AA203E}.AppStore|x64.ActiveCfg = Release|Any CPU
		{163B2A8A-6E4A-4653-9487-FA69F9AA203E}.AppStore|x64.Build.0 = Release|Any CPU
		{163B2A8A-6E4A-4653-9487-FA69F9AA203E}.AppStore|x64.Deploy.0 = Release|Any CPU
		{163B2A8A-6E4A-4653-9487-FA69F9AA203E}.AppStore|x86.ActiveCfg = Release|Any CPU
		{163B2A8A-6E4A-4653-9487-FA69F9AA203E}.AppStore|x86.Build.0 = Release|Any CPU
		{163B2A8A-6E4A-4653-9487-FA69F9AA203E}.AppStore|x86.Deploy.0 = Release|Any CPU
		{163B2A8A-6E4A-4653-9487-FA69F9AA203E}.Debug|Any CPU.ActiveCfg = Debug|Any CPU
		{163B2A8A-6E4A-4653-9487-FA69F9AA203E}.Debug|Any CPU.Build.0 = Debug|Any CPU
		{163B2A8A-6E4A-4653-9487-FA69F9AA203E}.Debug|Any CPU.Deploy.0 = Debug|Any CPU
		{163B2A8A-6E4A-4653-9487-FA69F9AA203E}.Debug|ARM.ActiveCfg = Debug|Any CPU
		{163B2A8A-6E4A-4653-9487-FA69F9AA203E}.Debug|ARM.Build.0 = Debug|Any CPU
		{163B2A8A-6E4A-4653-9487-FA69F9AA203E}.Debug|ARM.Deploy.0 = Debug|Any CPU
		{163B2A8A-6E4A-4653-9487-FA69F9AA203E}.Debug|iPhone.ActiveCfg = Debug|Any CPU
		{163B2A8A-6E4A-4653-9487-FA69F9AA203E}.Debug|iPhone.Build.0 = Debug|Any CPU
		{163B2A8A-6E4A-4653-9487-FA69F9AA203E}.Debug|iPhone.Deploy.0 = Debug|Any CPU
		{163B2A8A-6E4A-4653-9487-FA69F9AA203E}.Debug|iPhoneSimulator.ActiveCfg = Debug|Any CPU
		{163B2A8A-6E4A-4653-9487-FA69F9AA203E}.Debug|iPhoneSimulator.Build.0 = Debug|Any CPU
		{163B2A8A-6E4A-4653-9487-FA69F9AA203E}.Debug|iPhoneSimulator.Deploy.0 = Debug|Any CPU
		{163B2A8A-6E4A-4653-9487-FA69F9AA203E}.Debug|x64.ActiveCfg = Debug|Any CPU
		{163B2A8A-6E4A-4653-9487-FA69F9AA203E}.Debug|x64.Build.0 = Debug|Any CPU
		{163B2A8A-6E4A-4653-9487-FA69F9AA203E}.Debug|x64.Deploy.0 = Debug|Any CPU
		{163B2A8A-6E4A-4653-9487-FA69F9AA203E}.Debug|x86.ActiveCfg = Debug|Any CPU
		{163B2A8A-6E4A-4653-9487-FA69F9AA203E}.Debug|x86.Build.0 = Debug|Any CPU
		{163B2A8A-6E4A-4653-9487-FA69F9AA203E}.Debug|x86.Deploy.0 = Debug|Any CPU
		{163B2A8A-6E4A-4653-9487-FA69F9AA203E}.Release|Any CPU.ActiveCfg = Release|Any CPU
		{163B2A8A-6E4A-4653-9487-FA69F9AA203E}.Release|Any CPU.Build.0 = Release|Any CPU
		{163B2A8A-6E4A-4653-9487-FA69F9AA203E}.Release|Any CPU.Deploy.0 = Release|Any CPU
		{163B2A8A-6E4A-4653-9487-FA69F9AA203E}.Release|ARM.ActiveCfg = Release|Any CPU
		{163B2A8A-6E4A-4653-9487-FA69F9AA203E}.Release|ARM.Build.0 = Release|Any CPU
		{163B2A8A-6E4A-4653-9487-FA69F9AA203E}.Release|ARM.Deploy.0 = Release|Any CPU
		{163B2A8A-6E4A-4653-9487-FA69F9AA203E}.Release|iPhone.ActiveCfg = Release|Any CPU
		{163B2A8A-6E4A-4653-9487-FA69F9AA203E}.Release|iPhone.Build.0 = Release|Any CPU
		{163B2A8A-6E4A-4653-9487-FA69F9AA203E}.Release|iPhone.Deploy.0 = Release|Any CPU
		{163B2A8A-6E4A-4653-9487-FA69F9AA203E}.Release|iPhoneSimulator.ActiveCfg = Release|Any CPU
		{163B2A8A-6E4A-4653-9487-FA69F9AA203E}.Release|iPhoneSimulator.Build.0 = Release|Any CPU
		{163B2A8A-6E4A-4653-9487-FA69F9AA203E}.Release|iPhoneSimulator.Deploy.0 = Release|Any CPU
		{163B2A8A-6E4A-4653-9487-FA69F9AA203E}.Release|x64.ActiveCfg = Release|Any CPU
		{163B2A8A-6E4A-4653-9487-FA69F9AA203E}.Release|x64.Build.0 = Release|Any CPU
		{163B2A8A-6E4A-4653-9487-FA69F9AA203E}.Release|x64.Deploy.0 = Release|Any CPU
		{163B2A8A-6E4A-4653-9487-FA69F9AA203E}.Release|x86.ActiveCfg = Release|Any CPU
		{163B2A8A-6E4A-4653-9487-FA69F9AA203E}.Release|x86.Build.0 = Release|Any CPU
		{163B2A8A-6E4A-4653-9487-FA69F9AA203E}.Release|x86.Deploy.0 = Release|Any CPU
		{AD63CB2F-0973-4078-AA88-10067A41701D}.Ad-Hoc|Any CPU.ActiveCfg = Release|Any CPU
		{AD63CB2F-0973-4078-AA88-10067A41701D}.Ad-Hoc|Any CPU.Build.0 = Release|Any CPU
		{AD63CB2F-0973-4078-AA88-10067A41701D}.Ad-Hoc|ARM.ActiveCfg = Release|Any CPU
		{AD63CB2F-0973-4078-AA88-10067A41701D}.Ad-Hoc|ARM.Build.0 = Release|Any CPU
		{AD63CB2F-0973-4078-AA88-10067A41701D}.Ad-Hoc|iPhone.ActiveCfg = Release|Any CPU
		{AD63CB2F-0973-4078-AA88-10067A41701D}.Ad-Hoc|iPhone.Build.0 = Release|Any CPU
		{AD63CB2F-0973-4078-AA88-10067A41701D}.Ad-Hoc|iPhoneSimulator.ActiveCfg = Release|Any CPU
		{AD63CB2F-0973-4078-AA88-10067A41701D}.Ad-Hoc|iPhoneSimulator.Build.0 = Release|Any CPU
		{AD63CB2F-0973-4078-AA88-10067A41701D}.Ad-Hoc|x64.ActiveCfg = Release|Any CPU
		{AD63CB2F-0973-4078-AA88-10067A41701D}.Ad-Hoc|x64.Build.0 = Release|Any CPU
		{AD63CB2F-0973-4078-AA88-10067A41701D}.Ad-Hoc|x86.ActiveCfg = Release|Any CPU
		{AD63CB2F-0973-4078-AA88-10067A41701D}.Ad-Hoc|x86.Build.0 = Release|Any CPU
		{AD63CB2F-0973-4078-AA88-10067A41701D}.AppStore|Any CPU.ActiveCfg = Release|Any CPU
		{AD63CB2F-0973-4078-AA88-10067A41701D}.AppStore|Any CPU.Build.0 = Release|Any CPU
		{AD63CB2F-0973-4078-AA88-10067A41701D}.AppStore|ARM.ActiveCfg = Release|Any CPU
		{AD63CB2F-0973-4078-AA88-10067A41701D}.AppStore|ARM.Build.0 = Release|Any CPU
		{AD63CB2F-0973-4078-AA88-10067A41701D}.AppStore|iPhone.ActiveCfg = Release|Any CPU
		{AD63CB2F-0973-4078-AA88-10067A41701D}.AppStore|iPhone.Build.0 = Release|Any CPU
		{AD63CB2F-0973-4078-AA88-10067A41701D}.AppStore|iPhoneSimulator.ActiveCfg = Release|Any CPU
		{AD63CB2F-0973-4078-AA88-10067A41701D}.AppStore|iPhoneSimulator.Build.0 = Release|Any CPU
		{AD63CB2F-0973-4078-AA88-10067A41701D}.AppStore|x64.ActiveCfg = Release|Any CPU
		{AD63CB2F-0973-4078-AA88-10067A41701D}.AppStore|x64.Build.0 = Release|Any CPU
		{AD63CB2F-0973-4078-AA88-10067A41701D}.AppStore|x86.ActiveCfg = Release|Any CPU
		{AD63CB2F-0973-4078-AA88-10067A41701D}.AppStore|x86.Build.0 = Release|Any CPU
		{AD63CB2F-0973-4078-AA88-10067A41701D}.Debug|Any CPU.ActiveCfg = Debug|Any CPU
		{AD63CB2F-0973-4078-AA88-10067A41701D}.Debug|Any CPU.Build.0 = Debug|Any CPU
		{AD63CB2F-0973-4078-AA88-10067A41701D}.Debug|ARM.ActiveCfg = Debug|Any CPU
		{AD63CB2F-0973-4078-AA88-10067A41701D}.Debug|ARM.Build.0 = Debug|Any CPU
		{AD63CB2F-0973-4078-AA88-10067A41701D}.Debug|iPhone.ActiveCfg = Debug|Any CPU
		{AD63CB2F-0973-4078-AA88-10067A41701D}.Debug|iPhone.Build.0 = Debug|Any CPU
		{AD63CB2F-0973-4078-AA88-10067A41701D}.Debug|iPhoneSimulator.ActiveCfg = Debug|Any CPU
		{AD63CB2F-0973-4078-AA88-10067A41701D}.Debug|iPhoneSimulator.Build.0 = Debug|Any CPU
		{AD63CB2F-0973-4078-AA88-10067A41701D}.Debug|x64.ActiveCfg = Debug|Any CPU
		{AD63CB2F-0973-4078-AA88-10067A41701D}.Debug|x64.Build.0 = Debug|Any CPU
		{AD63CB2F-0973-4078-AA88-10067A41701D}.Debug|x86.ActiveCfg = Debug|Any CPU
		{AD63CB2F-0973-4078-AA88-10067A41701D}.Debug|x86.Build.0 = Debug|Any CPU
		{AD63CB2F-0973-4078-AA88-10067A41701D}.Release|Any CPU.ActiveCfg = Release|Any CPU
		{AD63CB2F-0973-4078-AA88-10067A41701D}.Release|Any CPU.Build.0 = Release|Any CPU
		{AD63CB2F-0973-4078-AA88-10067A41701D}.Release|ARM.ActiveCfg = Release|Any CPU
		{AD63CB2F-0973-4078-AA88-10067A41701D}.Release|ARM.Build.0 = Release|Any CPU
		{AD63CB2F-0973-4078-AA88-10067A41701D}.Release|iPhone.ActiveCfg = Release|Any CPU
		{AD63CB2F-0973-4078-AA88-10067A41701D}.Release|iPhone.Build.0 = Release|Any CPU
		{AD63CB2F-0973-4078-AA88-10067A41701D}.Release|iPhoneSimulator.ActiveCfg = Release|Any CPU
		{AD63CB2F-0973-4078-AA88-10067A41701D}.Release|iPhoneSimulator.Build.0 = Release|Any CPU
		{AD63CB2F-0973-4078-AA88-10067A41701D}.Release|x64.ActiveCfg = Release|Any CPU
		{AD63CB2F-0973-4078-AA88-10067A41701D}.Release|x64.Build.0 = Release|Any CPU
		{AD63CB2F-0973-4078-AA88-10067A41701D}.Release|x86.ActiveCfg = Release|Any CPU
		{AD63CB2F-0973-4078-AA88-10067A41701D}.Release|x86.Build.0 = Release|Any CPU
		{23BA573B-5250-4359-B7C4-01A15CB54871}.Ad-Hoc|Any CPU.ActiveCfg = Release|x86
		{23BA573B-5250-4359-B7C4-01A15CB54871}.Ad-Hoc|Any CPU.Build.0 = Release|x86
		{23BA573B-5250-4359-B7C4-01A15CB54871}.Ad-Hoc|Any CPU.Deploy.0 = Release|x86
		{23BA573B-5250-4359-B7C4-01A15CB54871}.Ad-Hoc|ARM.ActiveCfg = Release|ARM
		{23BA573B-5250-4359-B7C4-01A15CB54871}.Ad-Hoc|ARM.Build.0 = Release|ARM
		{23BA573B-5250-4359-B7C4-01A15CB54871}.Ad-Hoc|ARM.Deploy.0 = Release|ARM
		{23BA573B-5250-4359-B7C4-01A15CB54871}.Ad-Hoc|iPhone.ActiveCfg = Release|x86
		{23BA573B-5250-4359-B7C4-01A15CB54871}.Ad-Hoc|iPhone.Build.0 = Release|x86
		{23BA573B-5250-4359-B7C4-01A15CB54871}.Ad-Hoc|iPhone.Deploy.0 = Release|x86
		{23BA573B-5250-4359-B7C4-01A15CB54871}.Ad-Hoc|iPhoneSimulator.ActiveCfg = Release|x86
		{23BA573B-5250-4359-B7C4-01A15CB54871}.Ad-Hoc|iPhoneSimulator.Build.0 = Release|x86
		{23BA573B-5250-4359-B7C4-01A15CB54871}.Ad-Hoc|iPhoneSimulator.Deploy.0 = Release|x86
		{23BA573B-5250-4359-B7C4-01A15CB54871}.Ad-Hoc|x64.ActiveCfg = Release|x64
		{23BA573B-5250-4359-B7C4-01A15CB54871}.Ad-Hoc|x64.Build.0 = Release|x64
		{23BA573B-5250-4359-B7C4-01A15CB54871}.Ad-Hoc|x64.Deploy.0 = Release|x64
		{23BA573B-5250-4359-B7C4-01A15CB54871}.Ad-Hoc|x86.ActiveCfg = Release|x86
		{23BA573B-5250-4359-B7C4-01A15CB54871}.Ad-Hoc|x86.Build.0 = Release|x86
		{23BA573B-5250-4359-B7C4-01A15CB54871}.Ad-Hoc|x86.Deploy.0 = Release|x86
		{23BA573B-5250-4359-B7C4-01A15CB54871}.AppStore|Any CPU.ActiveCfg = Release|x86
		{23BA573B-5250-4359-B7C4-01A15CB54871}.AppStore|Any CPU.Build.0 = Release|x86
		{23BA573B-5250-4359-B7C4-01A15CB54871}.AppStore|Any CPU.Deploy.0 = Release|x86
		{23BA573B-5250-4359-B7C4-01A15CB54871}.AppStore|ARM.ActiveCfg = Release|ARM
		{23BA573B-5250-4359-B7C4-01A15CB54871}.AppStore|ARM.Build.0 = Release|ARM
		{23BA573B-5250-4359-B7C4-01A15CB54871}.AppStore|ARM.Deploy.0 = Release|ARM
		{23BA573B-5250-4359-B7C4-01A15CB54871}.AppStore|iPhone.ActiveCfg = Release|x86
		{23BA573B-5250-4359-B7C4-01A15CB54871}.AppStore|iPhone.Build.0 = Release|x86
		{23BA573B-5250-4359-B7C4-01A15CB54871}.AppStore|iPhone.Deploy.0 = Release|x86
		{23BA573B-5250-4359-B7C4-01A15CB54871}.AppStore|iPhoneSimulator.ActiveCfg = Release|x86
		{23BA573B-5250-4359-B7C4-01A15CB54871}.AppStore|iPhoneSimulator.Build.0 = Release|x86
		{23BA573B-5250-4359-B7C4-01A15CB54871}.AppStore|iPhoneSimulator.Deploy.0 = Release|x86
		{23BA573B-5250-4359-B7C4-01A15CB54871}.AppStore|x64.ActiveCfg = Release|x64
		{23BA573B-5250-4359-B7C4-01A15CB54871}.AppStore|x64.Build.0 = Release|x64
		{23BA573B-5250-4359-B7C4-01A15CB54871}.AppStore|x64.Deploy.0 = Release|x64
		{23BA573B-5250-4359-B7C4-01A15CB54871}.AppStore|x86.ActiveCfg = Release|x86
		{23BA573B-5250-4359-B7C4-01A15CB54871}.AppStore|x86.Build.0 = Release|x86
		{23BA573B-5250-4359-B7C4-01A15CB54871}.AppStore|x86.Deploy.0 = Release|x86
		{23BA573B-5250-4359-B7C4-01A15CB54871}.Debug|Any CPU.ActiveCfg = Debug|x86
		{23BA573B-5250-4359-B7C4-01A15CB54871}.Debug|ARM.ActiveCfg = Debug|ARM
		{23BA573B-5250-4359-B7C4-01A15CB54871}.Debug|ARM.Build.0 = Debug|ARM
		{23BA573B-5250-4359-B7C4-01A15CB54871}.Debug|ARM.Deploy.0 = Debug|ARM
		{23BA573B-5250-4359-B7C4-01A15CB54871}.Debug|iPhone.ActiveCfg = Debug|x86
		{23BA573B-5250-4359-B7C4-01A15CB54871}.Debug|iPhoneSimulator.ActiveCfg = Debug|x86
		{23BA573B-5250-4359-B7C4-01A15CB54871}.Debug|x64.ActiveCfg = Debug|x64
		{23BA573B-5250-4359-B7C4-01A15CB54871}.Debug|x64.Build.0 = Debug|x64
		{23BA573B-5250-4359-B7C4-01A15CB54871}.Debug|x64.Deploy.0 = Debug|x64
		{23BA573B-5250-4359-B7C4-01A15CB54871}.Debug|x86.ActiveCfg = Debug|x86
		{23BA573B-5250-4359-B7C4-01A15CB54871}.Debug|x86.Build.0 = Debug|x86
		{23BA573B-5250-4359-B7C4-01A15CB54871}.Debug|x86.Deploy.0 = Debug|x86
		{23BA573B-5250-4359-B7C4-01A15CB54871}.Release|Any CPU.ActiveCfg = Release|x86
		{23BA573B-5250-4359-B7C4-01A15CB54871}.Release|ARM.ActiveCfg = Release|ARM
		{23BA573B-5250-4359-B7C4-01A15CB54871}.Release|ARM.Build.0 = Release|ARM
		{23BA573B-5250-4359-B7C4-01A15CB54871}.Release|ARM.Deploy.0 = Release|ARM
		{23BA573B-5250-4359-B7C4-01A15CB54871}.Release|iPhone.ActiveCfg = Release|x86
		{23BA573B-5250-4359-B7C4-01A15CB54871}.Release|iPhoneSimulator.ActiveCfg = Release|x86
		{23BA573B-5250-4359-B7C4-01A15CB54871}.Release|x64.ActiveCfg = Release|x64
		{23BA573B-5250-4359-B7C4-01A15CB54871}.Release|x64.Build.0 = Release|x64
		{23BA573B-5250-4359-B7C4-01A15CB54871}.Release|x64.Deploy.0 = Release|x64
		{23BA573B-5250-4359-B7C4-01A15CB54871}.Release|x86.ActiveCfg = Release|x86
		{23BA573B-5250-4359-B7C4-01A15CB54871}.Release|x86.Build.0 = Release|x86
		{23BA573B-5250-4359-B7C4-01A15CB54871}.Release|x86.Deploy.0 = Release|x86
		{063C2370-EE8F-4EA3-9C8C-5E677BC05720}.Ad-Hoc|Any CPU.ActiveCfg = Ad-Hoc|iPhone
		{063C2370-EE8F-4EA3-9C8C-5E677BC05720}.Ad-Hoc|ARM.ActiveCfg = Ad-Hoc|iPhone
		{063C2370-EE8F-4EA3-9C8C-5E677BC05720}.Ad-Hoc|iPhone.ActiveCfg = Ad-Hoc|iPhone
		{063C2370-EE8F-4EA3-9C8C-5E677BC05720}.Ad-Hoc|iPhone.Build.0 = Ad-Hoc|iPhone
		{063C2370-EE8F-4EA3-9C8C-5E677BC05720}.Ad-Hoc|iPhoneSimulator.ActiveCfg = Ad-Hoc|iPhoneSimulator
		{063C2370-EE8F-4EA3-9C8C-5E677BC05720}.Ad-Hoc|iPhoneSimulator.Build.0 = Ad-Hoc|iPhoneSimulator
		{063C2370-EE8F-4EA3-9C8C-5E677BC05720}.Ad-Hoc|x64.ActiveCfg = Ad-Hoc|iPhone
		{063C2370-EE8F-4EA3-9C8C-5E677BC05720}.Ad-Hoc|x86.ActiveCfg = Ad-Hoc|iPhone
		{063C2370-EE8F-4EA3-9C8C-5E677BC05720}.AppStore|Any CPU.ActiveCfg = AppStore|iPhone
		{063C2370-EE8F-4EA3-9C8C-5E677BC05720}.AppStore|ARM.ActiveCfg = AppStore|iPhone
		{063C2370-EE8F-4EA3-9C8C-5E677BC05720}.AppStore|iPhone.ActiveCfg = AppStore|iPhone
		{063C2370-EE8F-4EA3-9C8C-5E677BC05720}.AppStore|iPhone.Build.0 = AppStore|iPhone
		{063C2370-EE8F-4EA3-9C8C-5E677BC05720}.AppStore|iPhoneSimulator.ActiveCfg = AppStore|iPhoneSimulator
		{063C2370-EE8F-4EA3-9C8C-5E677BC05720}.AppStore|iPhoneSimulator.Build.0 = AppStore|iPhoneSimulator
		{063C2370-EE8F-4EA3-9C8C-5E677BC05720}.AppStore|x64.ActiveCfg = AppStore|iPhone
		{063C2370-EE8F-4EA3-9C8C-5E677BC05720}.AppStore|x86.ActiveCfg = AppStore|iPhone
		{063C2370-EE8F-4EA3-9C8C-5E677BC05720}.Debug|Any CPU.ActiveCfg = Debug|iPhone
		{063C2370-EE8F-4EA3-9C8C-5E677BC05720}.Debug|ARM.ActiveCfg = Debug|iPhone
		{063C2370-EE8F-4EA3-9C8C-5E677BC05720}.Debug|iPhone.ActiveCfg = Debug|iPhone
		{063C2370-EE8F-4EA3-9C8C-5E677BC05720}.Debug|iPhone.Build.0 = Debug|iPhone
		{063C2370-EE8F-4EA3-9C8C-5E677BC05720}.Debug|iPhoneSimulator.ActiveCfg = Debug|iPhoneSimulator
		{063C2370-EE8F-4EA3-9C8C-5E677BC05720}.Debug|iPhoneSimulator.Build.0 = Debug|iPhoneSimulator
		{063C2370-EE8F-4EA3-9C8C-5E677BC05720}.Debug|x64.ActiveCfg = Debug|iPhone
		{063C2370-EE8F-4EA3-9C8C-5E677BC05720}.Debug|x86.ActiveCfg = Debug|iPhone
		{063C2370-EE8F-4EA3-9C8C-5E677BC05720}.Release|Any CPU.ActiveCfg = Release|iPhone
		{063C2370-EE8F-4EA3-9C8C-5E677BC05720}.Release|ARM.ActiveCfg = Release|iPhone
		{063C2370-EE8F-4EA3-9C8C-5E677BC05720}.Release|iPhone.ActiveCfg = Release|iPhone
		{063C2370-EE8F-4EA3-9C8C-5E677BC05720}.Release|iPhone.Build.0 = Release|iPhone
		{063C2370-EE8F-4EA3-9C8C-5E677BC05720}.Release|iPhoneSimulator.ActiveCfg = Release|iPhoneSimulator
		{063C2370-EE8F-4EA3-9C8C-5E677BC05720}.Release|iPhoneSimulator.Build.0 = Release|iPhoneSimulator
		{063C2370-EE8F-4EA3-9C8C-5E677BC05720}.Release|x64.ActiveCfg = Release|iPhone
		{063C2370-EE8F-4EA3-9C8C-5E677BC05720}.Release|x86.ActiveCfg = Release|iPhone
	EndGlobalSection
	GlobalSection(SolutionProperties) = preSolution
		HideSolutionNode = FALSE
	EndGlobalSection
	GlobalSection(ExtensibilityGlobals) = postSolution
		SolutionGuid = {76970786-AF59-41F9-9891-F542EB0C3816}
	EndGlobalSection
EndGlobal
